{
    "version": 3,
    "terraform_version": "0.9.11",
    "serial": 49,
    "lineage": "9eb694d3-d347-4c7f-a03d-c191fd46f124",
    "modules": [
        {
            "path": [
                "root"
            ],
            "outputs": {},
            "resources": {},
            "depends_on": []
        },
        {
            "path": [
                "root",
                "load_balancers"
            ],
            "outputs": {
                "etcd_elb_name": {
                    "sensitive": false,
                    "type": "string",
                    "value": "etcd-lb"
                },
                "ingress_elb_name": {
                    "sensitive": false,
                    "type": "string",
                    "value": "ingress-lb"
                },
                "master_elb_name": {
                    "sensitive": false,
                    "type": "string",
                    "value": "master-lb"
                }
            },
            "resources": {
                "aws_elb.etcd-lb": {
                    "type": "aws_elb",
                    "depends_on": [],
                    "primary": {
                        "id": "etcd-lb",
                        "attributes": {
                            "access_logs.#": "0",
                            "availability_zones.#": "1",
                            "availability_zones.4293815384": "us-east-2a",
                            "connection_draining": "false",
                            "connection_draining_timeout": "300",
                            "cross_zone_load_balancing": "true",
                            "dns_name": "etcd-lb-1609085563.us-east-2.elb.amazonaws.com",
                            "health_check.#": "1",
                            "health_check.0.healthy_threshold": "2",
                            "health_check.0.interval": "10",
                            "health_check.0.target": "HTTP:80/",
                            "health_check.0.timeout": "3",
                            "health_check.0.unhealthy_threshold": "2",
                            "id": "etcd-lb",
                            "idle_timeout": "60",
                            "instances.#": "0",
                            "internal": "false",
                            "listener.#": "1",
                            "listener.3057123346.instance_port": "80",
                            "listener.3057123346.instance_protocol": "http",
                            "listener.3057123346.lb_port": "80",
                            "listener.3057123346.lb_protocol": "http",
                            "listener.3057123346.ssl_certificate_id": "",
                            "name": "etcd-lb",
                            "security_groups.#": "1",
                            "security_groups.1600287161": "sg-58a8b431",
                            "source_security_group": "639705996995/etcd-dmz",
                            "source_security_group_id": "sg-58a8b431",
                            "subnets.#": "1",
                            "subnets.2198978686": "subnet-5e23ba37",
                            "tags.%": "1",
                            "tags.Name": "etcd-elb",
                            "zone_id": "Z3AADJGX6KTTL2"
                        },
                        "meta": {},
                        "tainted": false
                    },
                    "deposed": [],
                    "provider": ""
                },
                "aws_elb.ingress-lb": {
                    "type": "aws_elb",
                    "depends_on": [],
                    "primary": {
                        "id": "ingress-lb",
                        "attributes": {
                            "access_logs.#": "0",
                            "availability_zones.#": "1",
                            "availability_zones.4293815384": "us-east-2a",
                            "connection_draining": "false",
                            "connection_draining_timeout": "300",
                            "cross_zone_load_balancing": "true",
                            "dns_name": "ingress-lb-1730833948.us-east-2.elb.amazonaws.com",
                            "health_check.#": "1",
                            "health_check.0.healthy_threshold": "2",
                            "health_check.0.interval": "10",
                            "health_check.0.target": "HTTP:80/",
                            "health_check.0.timeout": "3",
                            "health_check.0.unhealthy_threshold": "2",
                            "id": "ingress-lb",
                            "idle_timeout": "60",
                            "instances.#": "0",
                            "internal": "false",
                            "listener.#": "1",
                            "listener.3057123346.instance_port": "80",
                            "listener.3057123346.instance_protocol": "http",
                            "listener.3057123346.lb_port": "80",
                            "listener.3057123346.lb_protocol": "http",
                            "listener.3057123346.ssl_certificate_id": "",
                            "name": "ingress-lb",
                            "security_groups.#": "1",
                            "security_groups.2028691095": "sg-54adb13d",
                            "source_security_group": "639705996995/ingress-dmz",
                            "source_security_group_id": "sg-54adb13d",
                            "subnets.#": "1",
                            "subnets.2198978686": "subnet-5e23ba37",
                            "tags.%": "1",
                            "tags.Name": "ingress-elb",
                            "zone_id": "Z3AADJGX6KTTL2"
                        },
                        "meta": {},
                        "tainted": false
                    },
                    "deposed": [],
                    "provider": ""
                },
                "aws_elb.master-lb": {
                    "type": "aws_elb",
                    "depends_on": [],
                    "primary": {
                        "id": "master-lb",
                        "attributes": {
                            "access_logs.#": "0",
                            "availability_zones.#": "1",
                            "availability_zones.4293815384": "us-east-2a",
                            "connection_draining": "false",
                            "connection_draining_timeout": "300",
                            "cross_zone_load_balancing": "true",
                            "dns_name": "master-lb-1066399416.us-east-2.elb.amazonaws.com",
                            "health_check.#": "1",
                            "health_check.0.healthy_threshold": "2",
                            "health_check.0.interval": "10",
                            "health_check.0.target": "HTTP:80/",
                            "health_check.0.timeout": "3",
                            "health_check.0.unhealthy_threshold": "2",
                            "id": "master-lb",
                            "idle_timeout": "60",
                            "instances.#": "0",
                            "internal": "false",
                            "listener.#": "1",
                            "listener.3057123346.instance_port": "80",
                            "listener.3057123346.instance_protocol": "http",
                            "listener.3057123346.lb_port": "80",
                            "listener.3057123346.lb_protocol": "http",
                            "listener.3057123346.ssl_certificate_id": "",
                            "name": "master-lb",
                            "security_groups.#": "1",
                            "security_groups.13176232": "sg-51b2ae38",
                            "source_security_group": "639705996995/master-dmz",
                            "source_security_group_id": "sg-51b2ae38",
                            "subnets.#": "1",
                            "subnets.2198978686": "subnet-5e23ba37",
                            "tags.%": "1",
                            "tags.Name": "master-elb",
                            "zone_id": "Z3AADJGX6KTTL2"
                        },
                        "meta": {},
                        "tainted": false
                    },
                    "deposed": [],
                    "provider": ""
                }
            },
            "depends_on": []
        },
        {
            "path": [
                "root",
                "nodes"
            ],
            "outputs": {},
            "resources": {
                "aws_instance.bastion_node": {
                    "type": "aws_instance",
                    "depends_on": [
                        "aws_security_group.bastion-dmz"
                    ],
                    "primary": {
                        "id": "i-0f45edc290a7435a9",
                        "attributes": {
                            "ami": "ami-8b92b4ee",
                            "associate_public_ip_address": "true",
                            "availability_zone": "us-east-2a",
                            "disable_api_termination": "false",
                            "ebs_block_device.#": "0",
                            "ebs_optimized": "false",
                            "ephemeral_block_device.#": "0",
                            "iam_instance_profile": "",
                            "id": "i-0f45edc290a7435a9",
                            "instance_state": "running",
                            "instance_type": "t2.micro",
                            "ipv6_addresses.#": "0",
                            "key_name": "cs_ref_arch",
                            "monitoring": "false",
                            "network_interface.#": "0",
                            "network_interface_id": "eni-fcee1197",
                            "primary_network_interface_id": "eni-fcee1197",
                            "private_dns": "ip-172-31-10-27.us-east-2.compute.internal",
                            "private_ip": "172.31.10.27",
                            "public_dns": "ec2-13-58-126-0.us-east-2.compute.amazonaws.com",
                            "public_ip": "13.58.126.0",
                            "root_block_device.#": "1",
                            "root_block_device.0.delete_on_termination": "true",
                            "root_block_device.0.iops": "100",
                            "root_block_device.0.volume_size": "8",
                            "root_block_device.0.volume_type": "gp2",
                            "security_groups.#": "0",
                            "source_dest_check": "true",
                            "subnet_id": "subnet-5e23ba37",
                            "tags.%": "1",
                            "tags.Name": "bastion_node-1",
                            "tenancy": "default",
                            "volume_tags.%": "0",
                            "vpc_security_group_ids.#": "1",
                            "vpc_security_group_ids.336197377": "sg-a5aeb2cc"
                        },
                        "meta": {
                            "e2bfb730-ecaa-11e6-8f88-34363bc7c4c0": {
                                "create": 600000000000,
                                "delete": 600000000000,
                                "update": 600000000000
                            },
                            "schema_version": "1"
                        },
                        "tainted": false
                    },
                    "deposed": [],
                    "provider": ""
                },
                "aws_instance.etcd_node": {
                    "type": "aws_instance",
                    "depends_on": [
                        "aws_security_group.etcd-dmz"
                    ],
                    "primary": {
                        "id": "i-0937ed043d12415f5",
                        "attributes": {
                            "ami": "ami-8b92b4ee",
                            "associate_public_ip_address": "true",
                            "availability_zone": "us-east-2a",
                            "disable_api_termination": "false",
                            "ebs_block_device.#": "0",
                            "ebs_optimized": "false",
                            "ephemeral_block_device.#": "0",
                            "iam_instance_profile": "",
                            "id": "i-0937ed043d12415f5",
                            "instance_state": "running",
                            "instance_type": "t2.micro",
                            "ipv6_addresses.#": "0",
                            "key_name": "cs_ref_arch",
                            "monitoring": "false",
                            "network_interface.#": "0",
                            "network_interface_id": "eni-43ee1128",
                            "primary_network_interface_id": "eni-43ee1128",
                            "private_dns": "ip-172-31-13-110.us-east-2.compute.internal",
                            "private_ip": "172.31.13.110",
                            "public_dns": "ec2-13-58-215-99.us-east-2.compute.amazonaws.com",
                            "public_ip": "13.58.215.99",
                            "root_block_device.#": "1",
                            "root_block_device.0.delete_on_termination": "true",
                            "root_block_device.0.iops": "100",
                            "root_block_device.0.volume_size": "8",
                            "root_block_device.0.volume_type": "gp2",
                            "security_groups.#": "0",
                            "source_dest_check": "true",
                            "subnet_id": "subnet-5e23ba37",
                            "tags.%": "1",
                            "tags.Name": "etcd_node-1",
                            "tenancy": "default",
                            "volume_tags.%": "0",
                            "vpc_security_group_ids.#": "1",
                            "vpc_security_group_ids.1600287161": "sg-58a8b431"
                        },
                        "meta": {
                            "e2bfb730-ecaa-11e6-8f88-34363bc7c4c0": {
                                "create": 600000000000,
                                "delete": 600000000000,
                                "update": 600000000000
                            },
                            "schema_version": "1"
                        },
                        "tainted": false
                    },
                    "deposed": [],
                    "provider": ""
                },
                "aws_instance.ingress_node": {
                    "type": "aws_instance",
                    "depends_on": [
                        "aws_security_group.ingress-dmz"
                    ],
                    "primary": {
                        "id": "i-02f6f8623cc58c932",
                        "attributes": {
                            "ami": "ami-8b92b4ee",
                            "associate_public_ip_address": "true",
                            "availability_zone": "us-east-2a",
                            "disable_api_termination": "false",
                            "ebs_block_device.#": "0",
                            "ebs_optimized": "false",
                            "ephemeral_block_device.#": "0",
                            "iam_instance_profile": "",
                            "id": "i-02f6f8623cc58c932",
                            "instance_state": "running",
                            "instance_type": "t2.micro",
                            "ipv6_addresses.#": "0",
                            "key_name": "cs_ref_arch",
                            "monitoring": "false",
                            "network_interface.#": "0",
                            "network_interface_id": "eni-33f20d58",
                            "primary_network_interface_id": "eni-33f20d58",
                            "private_dns": "ip-172-31-7-139.us-east-2.compute.internal",
                            "private_ip": "172.31.7.139",
                            "public_dns": "ec2-13-59-3-232.us-east-2.compute.amazonaws.com",
                            "public_ip": "13.59.3.232",
                            "root_block_device.#": "1",
                            "root_block_device.0.delete_on_termination": "true",
                            "root_block_device.0.iops": "100",
                            "root_block_device.0.volume_size": "8",
                            "root_block_device.0.volume_type": "gp2",
                            "security_groups.#": "0",
                            "source_dest_check": "true",
                            "subnet_id": "subnet-5e23ba37",
                            "tags.%": "1",
                            "tags.Name": "ingress_node-1",
                            "tenancy": "default",
                            "volume_tags.%": "0",
                            "vpc_security_group_ids.#": "1",
                            "vpc_security_group_ids.2028691095": "sg-54adb13d"
                        },
                        "meta": {
                            "e2bfb730-ecaa-11e6-8f88-34363bc7c4c0": {
                                "create": 600000000000,
                                "delete": 600000000000,
                                "update": 600000000000
                            },
                            "schema_version": "1"
                        },
                        "tainted": false
                    },
                    "deposed": [],
                    "provider": ""
                },
                "aws_instance.master_node": {
                    "type": "aws_instance",
                    "depends_on": [
                        "aws_security_group.master-dmz"
                    ],
                    "primary": {
                        "id": "i-0b76d5e5cd24f2ee7",
                        "attributes": {
                            "ami": "ami-8b92b4ee",
                            "associate_public_ip_address": "true",
                            "availability_zone": "us-east-2a",
                            "disable_api_termination": "false",
                            "ebs_block_device.#": "0",
                            "ebs_optimized": "false",
                            "ephemeral_block_device.#": "0",
                            "iam_instance_profile": "",
                            "id": "i-0b76d5e5cd24f2ee7",
                            "instance_state": "running",
                            "instance_type": "t2.micro",
                            "ipv6_addresses.#": "0",
                            "key_name": "cs_ref_arch",
                            "monitoring": "false",
                            "network_interface.#": "0",
                            "network_interface_id": "eni-75ef101e",
                            "primary_network_interface_id": "eni-75ef101e",
                            "private_dns": "ip-172-31-3-124.us-east-2.compute.internal",
                            "private_ip": "172.31.3.124",
                            "public_dns": "ec2-13-59-80-198.us-east-2.compute.amazonaws.com",
                            "public_ip": "13.59.80.198",
                            "root_block_device.#": "1",
                            "root_block_device.0.delete_on_termination": "true",
                            "root_block_device.0.iops": "100",
                            "root_block_device.0.volume_size": "8",
                            "root_block_device.0.volume_type": "gp2",
                            "security_groups.#": "0",
                            "source_dest_check": "true",
                            "subnet_id": "subnet-5e23ba37",
                            "tags.%": "1",
                            "tags.Name": "master_node-1",
                            "tenancy": "default",
                            "volume_tags.%": "0",
                            "vpc_security_group_ids.#": "1",
                            "vpc_security_group_ids.13176232": "sg-51b2ae38"
                        },
                        "meta": {
                            "e2bfb730-ecaa-11e6-8f88-34363bc7c4c0": {
                                "create": 600000000000,
                                "delete": 600000000000,
                                "update": 600000000000
                            },
                            "schema_version": "1"
                        },
                        "tainted": false
                    },
                    "deposed": [],
                    "provider": ""
                },
                "aws_instance.worker_node": {
                    "type": "aws_instance",
                    "depends_on": [
                        "aws_security_group.worker-dmz"
                    ],
                    "primary": {
                        "id": "i-09946344e9d9ea94f",
                        "attributes": {
                            "ami": "ami-8b92b4ee",
                            "associate_public_ip_address": "true",
                            "availability_zone": "us-east-2a",
                            "disable_api_termination": "false",
                            "ebs_block_device.#": "0",
                            "ebs_optimized": "false",
                            "ephemeral_block_device.#": "0",
                            "iam_instance_profile": "",
                            "id": "i-09946344e9d9ea94f",
                            "instance_state": "running",
                            "instance_type": "t2.micro",
                            "ipv6_addresses.#": "0",
                            "key_name": "cs_ref_arch",
                            "monitoring": "false",
                            "network_interface.#": "0",
                            "network_interface_id": "eni-23ed1248",
                            "primary_network_interface_id": "eni-23ed1248",
                            "private_dns": "ip-172-31-9-39.us-east-2.compute.internal",
                            "private_ip": "172.31.9.39",
                            "public_dns": "ec2-18-220-43-185.us-east-2.compute.amazonaws.com",
                            "public_ip": "18.220.43.185",
                            "root_block_device.#": "1",
                            "root_block_device.0.delete_on_termination": "true",
                            "root_block_device.0.iops": "100",
                            "root_block_device.0.volume_size": "8",
                            "root_block_device.0.volume_type": "gp2",
                            "security_groups.#": "0",
                            "source_dest_check": "true",
                            "subnet_id": "subnet-5e23ba37",
                            "tags.%": "1",
                            "tags.Name": "worker_node-1",
                            "tenancy": "default",
                            "volume_tags.%": "0",
                            "vpc_security_group_ids.#": "1",
                            "vpc_security_group_ids.3953347059": "sg-b2acb0db"
                        },
                        "meta": {
                            "e2bfb730-ecaa-11e6-8f88-34363bc7c4c0": {
                                "create": 600000000000,
                                "delete": 600000000000,
                                "update": 600000000000
                            },
                            "schema_version": "1"
                        },
                        "tainted": false
                    },
                    "deposed": [],
                    "provider": ""
                },
                "aws_key_pair.cs_ref_arch_key": {
                    "type": "aws_key_pair",
                    "depends_on": [],
                    "primary": {
                        "id": "cs_ref_arch",
                        "attributes": {
                            "fingerprint": "03:10:c2:5e:4c:c2:68:f7:92:3c:91:69:f2:84:fd:c3",
                            "id": "cs_ref_arch",
                            "key_name": "cs_ref_arch",
                            "public_key": "ssh-rsa AAAAB3NzaC1yc2EAAAADAQABAAABAQCdxQ1ic0juf8q5YvjKnK0WKo9xEp7ymsz3tWx6O5pRM+Mg5p5GHkalS+UupuepVbwT9iF1GnKb6rt5jGzmZ5HJySg9Hn4u+wzW7DITF0iKD+6lsGM+OKdCdvESp6ZaAJIXLmgAWsxpf+NvGqNWjdK62Hw20uqDrxGsLPeJr2XM7KcLKeMKS/Gdiuy70v4zNh7kfipDJb5NhOdVfXQs7y4b/yMR1FN/LWH0sqcRFsVlqNb6bonR2aRkQNrax0RFgiaP1mxsS/SKhuBv0LaLfUP5B85UuHgGxuJf/iAaiGqHcULcgz5jye56Fv7qwEvx3/VfvFeYm5LIHY8hmrUmXMGd sgarg@administrators-MacBook-Pro-2.local"
                        },
                        "meta": {
                            "schema_version": "1"
                        },
                        "tainted": false
                    },
                    "deposed": [],
                    "provider": ""
                },
                "aws_security_group.bastion-dmz": {
                    "type": "aws_security_group",
                    "depends_on": [],
                    "primary": {
                        "id": "sg-a5aeb2cc",
                        "attributes": {
                            "description": "Test security group3.",
                            "egress.#": "1",
                            "egress.3295201349.cidr_blocks.#": "1",
                            "egress.3295201349.cidr_blocks.0": "0.0.0.0/0",
                            "egress.3295201349.from_port": "0",
                            "egress.3295201349.ipv6_cidr_blocks.#": "0",
                            "egress.3295201349.prefix_list_ids.#": "0",
                            "egress.3295201349.protocol": "0",
                            "egress.3295201349.security_groups.#": "0",
                            "egress.3295201349.self": "false",
                            "egress.3295201349.to_port": "0",
                            "id": "sg-a5aeb2cc",
                            "ingress.#": "1",
                            "ingress.2541437006.cidr_blocks.#": "1",
                            "ingress.2541437006.cidr_blocks.0": "0.0.0.0/0",
                            "ingress.2541437006.from_port": "22",
                            "ingress.2541437006.ipv6_cidr_blocks.#": "0",
                            "ingress.2541437006.protocol": "tcp",
                            "ingress.2541437006.security_groups.#": "0",
                            "ingress.2541437006.self": "false",
                            "ingress.2541437006.to_port": "22",
                            "name": "bastion-dmz",
                            "owner_id": "639705996995",
                            "tags.%": "0",
                            "vpc_id": "vpc-eb870d82"
                        },
                        "meta": {},
                        "tainted": false
                    },
                    "deposed": [],
                    "provider": ""
                },
                "aws_security_group.etcd-dmz": {
                    "type": "aws_security_group",
                    "depends_on": [],
                    "primary": {
                        "id": "sg-58a8b431",
                        "attributes": {
                            "description": "etcd security group.",
                            "egress.#": "1",
                            "egress.3295201349.cidr_blocks.#": "1",
                            "egress.3295201349.cidr_blocks.0": "0.0.0.0/0",
                            "egress.3295201349.from_port": "0",
                            "egress.3295201349.ipv6_cidr_blocks.#": "0",
                            "egress.3295201349.prefix_list_ids.#": "0",
                            "egress.3295201349.protocol": "0",
                            "egress.3295201349.security_groups.#": "0",
                            "egress.3295201349.self": "false",
                            "egress.3295201349.to_port": "0",
                            "id": "sg-58a8b431",
                            "ingress.#": "1",
                            "ingress.971773006.cidr_blocks.#": "1",
                            "ingress.971773006.cidr_blocks.0": "0.0.0.0/0",
                            "ingress.971773006.from_port": "0",
                            "ingress.971773006.ipv6_cidr_blocks.#": "0",
                            "ingress.971773006.protocol": "tcp",
                            "ingress.971773006.security_groups.#": "0",
                            "ingress.971773006.self": "false",
                            "ingress.971773006.to_port": "2380",
                            "name": "etcd-dmz",
                            "owner_id": "639705996995",
                            "tags.%": "0",
                            "vpc_id": "vpc-eb870d82"
                        },
                        "meta": {},
                        "tainted": false
                    },
                    "deposed": [],
                    "provider": ""
                },
                "aws_security_group.ingress-dmz": {
                    "type": "aws_security_group",
                    "depends_on": [],
                    "primary": {
                        "id": "sg-54adb13d",
                        "attributes": {
                            "description": "Ingress security group.",
                            "egress.#": "1",
                            "egress.3295201349.cidr_blocks.#": "1",
                            "egress.3295201349.cidr_blocks.0": "0.0.0.0/0",
                            "egress.3295201349.from_port": "0",
                            "egress.3295201349.ipv6_cidr_blocks.#": "0",
                            "egress.3295201349.prefix_list_ids.#": "0",
                            "egress.3295201349.protocol": "0",
                            "egress.3295201349.security_groups.#": "0",
                            "egress.3295201349.self": "false",
                            "egress.3295201349.to_port": "0",
                            "id": "sg-54adb13d",
                            "ingress.#": "1",
                            "ingress.3052457489.cidr_blocks.#": "1",
                            "ingress.3052457489.cidr_blocks.0": "0.0.0.0/0",
                            "ingress.3052457489.from_port": "0",
                            "ingress.3052457489.ipv6_cidr_blocks.#": "0",
                            "ingress.3052457489.protocol": "tcp",
                            "ingress.3052457489.security_groups.#": "0",
                            "ingress.3052457489.self": "false",
                            "ingress.3052457489.to_port": "6666",
                            "name": "ingress-dmz",
                            "owner_id": "639705996995",
                            "tags.%": "0",
                            "vpc_id": "vpc-eb870d82"
                        },
                        "meta": {},
                        "tainted": false
                    },
                    "deposed": [],
                    "provider": ""
                },
                "aws_security_group.master-dmz": {
                    "type": "aws_security_group",
                    "depends_on": [],
                    "primary": {
                        "id": "sg-51b2ae38",
                        "attributes": {
                            "description": "Test security group2.",
                            "egress.#": "1",
                            "egress.3295201349.cidr_blocks.#": "1",
                            "egress.3295201349.cidr_blocks.0": "0.0.0.0/0",
                            "egress.3295201349.from_port": "0",
                            "egress.3295201349.ipv6_cidr_blocks.#": "0",
                            "egress.3295201349.prefix_list_ids.#": "0",
                            "egress.3295201349.protocol": "0",
                            "egress.3295201349.security_groups.#": "0",
                            "egress.3295201349.self": "false",
                            "egress.3295201349.to_port": "0",
                            "id": "sg-51b2ae38",
                            "ingress.#": "1",
                            "ingress.3783757062.cidr_blocks.#": "1",
                            "ingress.3783757062.cidr_blocks.0": "0.0.0.0/0",
                            "ingress.3783757062.from_port": "0",
                            "ingress.3783757062.ipv6_cidr_blocks.#": "0",
                            "ingress.3783757062.protocol": "tcp",
                            "ingress.3783757062.security_groups.#": "0",
                            "ingress.3783757062.self": "false",
                            "ingress.3783757062.to_port": "2379",
                            "name": "master-dmz",
                            "owner_id": "639705996995",
                            "tags.%": "0",
                            "vpc_id": "vpc-eb870d82"
                        },
                        "meta": {},
                        "tainted": false
                    },
                    "deposed": [],
                    "provider": ""
                },
                "aws_security_group.worker-dmz": {
                    "type": "aws_security_group",
                    "depends_on": [],
                    "primary": {
                        "id": "sg-b2acb0db",
                        "attributes": {
                            "description": "Worker security group.",
                            "egress.#": "1",
                            "egress.3295201349.cidr_blocks.#": "1",
                            "egress.3295201349.cidr_blocks.0": "0.0.0.0/0",
                            "egress.3295201349.from_port": "0",
                            "egress.3295201349.ipv6_cidr_blocks.#": "0",
                            "egress.3295201349.prefix_list_ids.#": "0",
                            "egress.3295201349.protocol": "0",
                            "egress.3295201349.security_groups.#": "0",
                            "egress.3295201349.self": "false",
                            "egress.3295201349.to_port": "0",
                            "id": "sg-b2acb0db",
                            "ingress.#": "1",
                            "ingress.3052457489.cidr_blocks.#": "1",
                            "ingress.3052457489.cidr_blocks.0": "0.0.0.0/0",
                            "ingress.3052457489.from_port": "0",
                            "ingress.3052457489.ipv6_cidr_blocks.#": "0",
                            "ingress.3052457489.protocol": "tcp",
                            "ingress.3052457489.security_groups.#": "0",
                            "ingress.3052457489.self": "false",
                            "ingress.3052457489.to_port": "6666",
                            "name": "worker-dmz",
                            "owner_id": "639705996995",
                            "tags.%": "0",
                            "vpc_id": "vpc-eb870d82"
                        },
                        "meta": {},
                        "tainted": false
                    },
                    "deposed": [],
                    "provider": ""
                }
            },
            "depends_on": []
        },
        {
            "path": [
                "root",
                "vpc"
            ],
            "outputs": {},
            "resources": {
                "aws_eip.nat": {
                    "type": "aws_eip",
                    "depends_on": [
                        "aws_instance.nat"
                    ],
                    "primary": {
                        "id": "eipalloc-7729bb1e",
                        "attributes": {
                            "association_id": "eipassoc-db0ed6b3",
                            "domain": "vpc",
                            "id": "eipalloc-7729bb1e",
                            "instance": "i-0a06be8635e372585",
                            "network_interface": "eni-2d5ec957",
                            "private_ip": "10.0.0.202",
                            "public_ip": "13.59.83.255",
                            "vpc": "true"
                        },
                        "meta": {},
                        "tainted": false
                    },
                    "deposed": [],
                    "provider": ""
                },
                "aws_instance.nat": {
                    "type": "aws_instance",
                    "depends_on": [
                        "aws_security_group.nat",
                        "aws_subnet.us-east-2b-public"
                    ],
                    "primary": {
                        "id": "i-0a06be8635e372585",
                        "attributes": {
                            "ami": "ami-8b92b4ee",
                            "associate_public_ip_address": "true",
                            "availability_zone": "us-east-2b",
                            "disable_api_termination": "false",
                            "ebs_block_device.#": "0",
                            "ebs_optimized": "false",
                            "ephemeral_block_device.#": "0",
                            "iam_instance_profile": "",
                            "id": "i-0a06be8635e372585",
                            "instance_state": "running",
                            "instance_type": "t2.small",
                            "ipv6_addresses.#": "0",
                            "key_name": "cs_ref_arch",
                            "monitoring": "false",
                            "network_interface.#": "0",
                            "network_interface_id": "eni-2d5ec957",
                            "primary_network_interface_id": "eni-2d5ec957",
                            "private_dns": "ip-10-0-0-202.us-east-2.compute.internal",
                            "private_ip": "10.0.0.202",
                            "public_dns": "",
                            "public_ip": "13.59.245.196",
                            "root_block_device.#": "1",
                            "root_block_device.0.delete_on_termination": "true",
                            "root_block_device.0.iops": "100",
                            "root_block_device.0.volume_size": "8",
                            "root_block_device.0.volume_type": "gp2",
                            "security_groups.#": "0",
                            "source_dest_check": "true",
                            "subnet_id": "subnet-4a71fa31",
                            "tags.%": "0",
                            "tenancy": "default",
                            "volume_tags.%": "0",
                            "vpc_security_group_ids.#": "1",
                            "vpc_security_group_ids.607728281": "sg-465b442f"
                        },
                        "meta": {
                            "e2bfb730-ecaa-11e6-8f88-34363bc7c4c0": {
                                "create": 600000000000,
                                "delete": 600000000000,
                                "update": 600000000000
                            },
                            "schema_version": "1"
                        },
                        "tainted": false
                    },
                    "deposed": [],
                    "provider": ""
                },
                "aws_internet_gateway.default2": {
                    "type": "aws_internet_gateway",
                    "depends_on": [
                        "aws_vpc.default2"
                    ],
                    "primary": {
                        "id": "igw-9e8c18f7",
                        "attributes": {
                            "id": "igw-9e8c18f7",
                            "tags.%": "0",
                            "vpc_id": "vpc-a18ff1c8"
                        },
                        "meta": {},
                        "tainted": false
                    },
                    "deposed": [],
                    "provider": ""
                },
                "aws_route_table.us-east-2-private": {
                    "type": "aws_route_table",
                    "depends_on": [
                        "aws_vpc.default2"
                    ],
                    "primary": {
                        "id": "rtb-50b0fb39",
                        "attributes": {
                            "id": "rtb-50b0fb39",
                            "propagating_vgws.#": "0",
                            "route.#": "0",
                            "tags.%": "0",
                            "vpc_id": "vpc-a18ff1c8"
                        },
                        "meta": {},
                        "tainted": false
                    },
                    "deposed": [],
                    "provider": ""
                },
                "aws_route_table.us-east-2-public": {
                    "type": "aws_route_table",
                    "depends_on": [
                        "aws_internet_gateway.default2",
                        "aws_vpc.default2"
                    ],
                    "primary": {
                        "id": "rtb-7dcb8014",
                        "attributes": {
                            "id": "rtb-7dcb8014",
                            "propagating_vgws.#": "0",
                            "route.#": "1",
                            "route.1053228956.cidr_block": "0.0.0.0/0",
                            "route.1053228956.egress_only_gateway_id": "",
                            "route.1053228956.gateway_id": "igw-9e8c18f7",
                            "route.1053228956.instance_id": "",
                            "route.1053228956.ipv6_cidr_block": "",
                            "route.1053228956.nat_gateway_id": "",
                            "route.1053228956.network_interface_id": "",
                            "route.1053228956.vpc_peering_connection_id": "",
                            "tags.%": "0",
                            "vpc_id": "vpc-a18ff1c8"
                        },
                        "meta": {},
                        "tainted": false
                    },
                    "deposed": [],
                    "provider": ""
                },
                "aws_route_table_association.us-east-2b-public": {
                    "type": "aws_route_table_association",
                    "depends_on": [
                        "aws_route_table.us-east-2-public",
                        "aws_subnet.us-east-2b-public"
                    ],
                    "primary": {
                        "id": "rtbassoc-0cf6f665",
                        "attributes": {
                            "id": "rtbassoc-0cf6f665",
                            "route_table_id": "rtb-7dcb8014",
                            "subnet_id": "subnet-4a71fa31"
                        },
                        "meta": {},
                        "tainted": false
                    },
                    "deposed": [],
                    "provider": ""
                },
                "aws_route_table_association.us-east-2c-public": {
                    "type": "aws_route_table_association",
                    "depends_on": [
                        "aws_route_table.us-east-2-public",
                        "aws_subnet.us-east-2c-public"
                    ],
                    "primary": {
                        "id": "rtbassoc-38f9f951",
                        "attributes": {
                            "id": "rtbassoc-38f9f951",
                            "route_table_id": "rtb-7dcb8014",
                            "subnet_id": "subnet-df568992"
                        },
                        "meta": {},
                        "tainted": false
                    },
                    "deposed": [],
                    "provider": ""
                },
                "aws_security_group.nat": {
                    "type": "aws_security_group",
                    "depends_on": [
                        "aws_subnet.us-east-2b-private",
                        "aws_subnet.us-east-2c-private",
                        "aws_vpc.default2"
                    ],
                    "primary": {
                        "id": "sg-465b442f",
                        "attributes": {
                            "description": "Allow services from the private subnet through NAT",
                            "egress.#": "0",
                            "id": "sg-465b442f",
                            "ingress.#": "2",
                            "ingress.1132364044.cidr_blocks.#": "1",
                            "ingress.1132364044.cidr_blocks.0": "10.0.1.0/24",
                            "ingress.1132364044.from_port": "0",
                            "ingress.1132364044.ipv6_cidr_blocks.#": "0",
                            "ingress.1132364044.protocol": "tcp",
                            "ingress.1132364044.security_groups.#": "0",
                            "ingress.1132364044.self": "false",
                            "ingress.1132364044.to_port": "65535",
                            "ingress.3571552293.cidr_blocks.#": "1",
                            "ingress.3571552293.cidr_blocks.0": "10.0.3.0/24",
                            "ingress.3571552293.from_port": "0",
                            "ingress.3571552293.ipv6_cidr_blocks.#": "0",
                            "ingress.3571552293.protocol": "tcp",
                            "ingress.3571552293.security_groups.#": "0",
                            "ingress.3571552293.self": "false",
                            "ingress.3571552293.to_port": "65535",
                            "name": "nat",
                            "owner_id": "639705996995",
                            "tags.%": "0",
                            "vpc_id": "vpc-a18ff1c8"
                        },
                        "meta": {},
                        "tainted": false
                    },
                    "deposed": [],
                    "provider": ""
                },
                "aws_subnet.us-east-2b-private": {
                    "type": "aws_subnet",
                    "depends_on": [
                        "aws_vpc.default2"
                    ],
                    "primary": {
                        "id": "subnet-6c72f917",
                        "attributes": {
                            "assign_ipv6_address_on_creation": "false",
                            "availability_zone": "us-east-2b",
                            "cidr_block": "10.0.1.0/24",
                            "id": "subnet-6c72f917",
                            "map_public_ip_on_launch": "false",
                            "tags.%": "0",
                            "vpc_id": "vpc-a18ff1c8"
                        },
                        "meta": {
                            "schema_version": "1"
                        },
                        "tainted": false
                    },
                    "deposed": [],
                    "provider": ""
                },
                "aws_subnet.us-east-2b-public": {
                    "type": "aws_subnet",
                    "depends_on": [
                        "aws_vpc.default2"
                    ],
                    "primary": {
                        "id": "subnet-4a71fa31",
                        "attributes": {
                            "assign_ipv6_address_on_creation": "false",
                            "availability_zone": "us-east-2b",
                            "cidr_block": "10.0.0.0/24",
                            "id": "subnet-4a71fa31",
                            "map_public_ip_on_launch": "false",
                            "tags.%": "0",
                            "vpc_id": "vpc-a18ff1c8"
                        },
                        "meta": {
                            "schema_version": "1"
                        },
                        "tainted": false
                    },
                    "deposed": [],
                    "provider": ""
                },
                "aws_subnet.us-east-2c-private": {
                    "type": "aws_subnet",
                    "depends_on": [
                        "aws_vpc.default2"
                    ],
                    "primary": {
                        "id": "subnet-0e528d43",
                        "attributes": {
                            "assign_ipv6_address_on_creation": "false",
                            "availability_zone": "us-east-2c",
                            "cidr_block": "10.0.3.0/24",
                            "id": "subnet-0e528d43",
                            "map_public_ip_on_launch": "false",
                            "tags.%": "0",
                            "vpc_id": "vpc-a18ff1c8"
                        },
                        "meta": {
                            "schema_version": "1"
                        },
                        "tainted": false
                    },
                    "deposed": [],
                    "provider": ""
                },
                "aws_subnet.us-east-2c-public": {
                    "type": "aws_subnet",
                    "depends_on": [
                        "aws_vpc.default2"
                    ],
                    "primary": {
                        "id": "subnet-df568992",
                        "attributes": {
                            "assign_ipv6_address_on_creation": "false",
                            "availability_zone": "us-east-2c",
                            "cidr_block": "10.0.2.0/24",
                            "id": "subnet-df568992",
                            "map_public_ip_on_launch": "false",
                            "tags.%": "0",
                            "vpc_id": "vpc-a18ff1c8"
                        },
                        "meta": {
                            "schema_version": "1"
                        },
                        "tainted": false
                    },
                    "deposed": [],
                    "provider": ""
                },
                "aws_vpc.default2": {
                    "type": "aws_vpc",
                    "depends_on": [],
                    "primary": {
                        "id": "vpc-a18ff1c8",
                        "attributes": {
                            "assign_generated_ipv6_cidr_block": "false",
                            "cidr_block": "10.0.0.0/16",
                            "default_network_acl_id": "acl-69024f00",
                            "default_route_table_id": "rtb-42b5fe2b",
                            "default_security_group_id": "sg-aca6bac5",
                            "dhcp_options_id": "dopt-c146d0a8",
                            "enable_dns_hostnames": "false",
                            "enable_dns_support": "true",
                            "id": "vpc-a18ff1c8",
                            "instance_tenancy": "default",
                            "main_route_table_id": "rtb-42b5fe2b",
                            "tags.%": "0"
                        },
                        "meta": {
                            "schema_version": "1"
                        },
                        "tainted": false
                    },
                    "deposed": [],
                    "provider": ""
                }
            },
            "depends_on": []
        }
    ]
}
