{
    "version": 3,
    "terraform_version": "0.9.11",
    "serial": 0,
    "lineage": "4e324cc5-42c8-40a7-be57-3d311f31a6b3",
    "modules": [
        {
            "path": [
                "root"
            ],
            "outputs": {},
            "resources": {
                "aws_instance.bastion_node": {
                    "type": "aws_instance",
                    "depends_on": [
                        "aws_security_group.bastion-dmz"
                    ],
                    "primary": {
                        "id": "i-0b8000c13277f7908",
                        "attributes": {
                            "ami": "ami-8b92b4ee",
                            "associate_public_ip_address": "true",
                            "availability_zone": "us-east-2b",
                            "disable_api_termination": "false",
                            "ebs_block_device.#": "0",
                            "ebs_optimized": "false",
                            "ephemeral_block_device.#": "0",
                            "iam_instance_profile": "",
                            "id": "i-0b8000c13277f7908",
                            "instance_state": "running",
                            "instance_type": "t2.micro",
                            "ipv6_addresses.#": "0",
                            "key_name": "",
                            "monitoring": "false",
                            "network_interface.#": "0",
                            "network_interface_id": "eni-47840a3d",
                            "primary_network_interface_id": "eni-47840a3d",
                            "private_dns": "ip-172-31-20-220.us-east-2.compute.internal",
                            "private_ip": "172.31.20.220",
                            "public_dns": "ec2-52-14-13-194.us-east-2.compute.amazonaws.com",
                            "public_ip": "52.14.13.194",
                            "root_block_device.#": "1",
                            "root_block_device.0.delete_on_termination": "true",
                            "root_block_device.0.iops": "100",
                            "root_block_device.0.volume_size": "8",
                            "root_block_device.0.volume_type": "gp2",
                            "security_groups.#": "0",
                            "source_dest_check": "true",
                            "subnet_id": "subnet-ffaf0f84",
                            "tags.%": "1",
                            "tags.Name": "bastion_node-1",
                            "tenancy": "default",
                            "user_data": "2e60255b84a0f10fc4392d49584764c67f604806",
                            "volume_tags.%": "0",
                            "vpc_security_group_ids.#": "1",
                            "vpc_security_group_ids.3847858057": "sg-7207141b"
                        },
                        "meta": {
                            "e2bfb730-ecaa-11e6-8f88-34363bc7c4c0": {
                                "create": 600000000000,
                                "delete": 600000000000,
                                "update": 600000000000
                            },
                            "schema_version": "1"
                        },
                        "tainted": false
                    },
                    "deposed": [],
                    "provider": ""
                },
                "aws_instance.etcd_node": {
                    "type": "aws_instance",
                    "depends_on": [
                        "aws_security_group.etcd-dmz"
                    ],
                    "primary": {
                        "id": "i-08ce256cd7d482f3a",
                        "attributes": {
                            "ami": "ami-8b92b4ee",
                            "associate_public_ip_address": "true",
                            "availability_zone": "us-east-2c",
                            "disable_api_termination": "false",
                            "ebs_block_device.#": "0",
                            "ebs_optimized": "false",
                            "ephemeral_block_device.#": "0",
                            "iam_instance_profile": "",
                            "id": "i-08ce256cd7d482f3a",
                            "instance_state": "running",
                            "instance_type": "t2.micro",
                            "ipv6_addresses.#": "0",
                            "key_name": "",
                            "monitoring": "false",
                            "network_interface.#": "0",
                            "network_interface_id": "eni-fc862cb0",
                            "primary_network_interface_id": "eni-fc862cb0",
                            "private_dns": "ip-172-31-43-229.us-east-2.compute.internal",
                            "private_ip": "172.31.43.229",
                            "public_dns": "ec2-18-220-56-203.us-east-2.compute.amazonaws.com",
                            "public_ip": "18.220.56.203",
                            "root_block_device.#": "1",
                            "root_block_device.0.delete_on_termination": "true",
                            "root_block_device.0.iops": "100",
                            "root_block_device.0.volume_size": "8",
                            "root_block_device.0.volume_type": "gp2",
                            "security_groups.#": "0",
                            "source_dest_check": "true",
                            "subnet_id": "subnet-6be21e26",
                            "tags.%": "1",
                            "tags.Name": "etcd_node-1",
                            "tenancy": "default",
                            "user_data": "2e60255b84a0f10fc4392d49584764c67f604806",
                            "volume_tags.%": "0",
                            "vpc_security_group_ids.#": "1",
                            "vpc_security_group_ids.3689826502": "sg-0700136e"
                        },
                        "meta": {
                            "e2bfb730-ecaa-11e6-8f88-34363bc7c4c0": {
                                "create": 600000000000,
                                "delete": 600000000000,
                                "update": 600000000000
                            },
                            "schema_version": "1"
                        },
                        "tainted": false
                    },
                    "deposed": [],
                    "provider": ""
                },
                "aws_instance.ingress_node": {
                    "type": "aws_instance",
                    "depends_on": [
                        "aws_security_group.ingress-dmz"
                    ],
                    "primary": {
                        "id": "i-018b9e52d957c46f1",
                        "attributes": {
                            "ami": "ami-8b92b4ee",
                            "associate_public_ip_address": "true",
                            "availability_zone": "us-east-2c",
                            "disable_api_termination": "false",
                            "ebs_block_device.#": "0",
                            "ebs_optimized": "false",
                            "ephemeral_block_device.#": "0",
                            "iam_instance_profile": "",
                            "id": "i-018b9e52d957c46f1",
                            "instance_state": "running",
                            "instance_type": "t2.micro",
                            "ipv6_addresses.#": "0",
                            "key_name": "",
                            "monitoring": "false",
                            "network_interface.#": "0",
                            "network_interface_id": "eni-6782282b",
                            "primary_network_interface_id": "eni-6782282b",
                            "private_dns": "ip-172-31-41-39.us-east-2.compute.internal",
                            "private_ip": "172.31.41.39",
                            "public_dns": "ec2-13-59-12-130.us-east-2.compute.amazonaws.com",
                            "public_ip": "13.59.12.130",
                            "root_block_device.#": "1",
                            "root_block_device.0.delete_on_termination": "true",
                            "root_block_device.0.iops": "100",
                            "root_block_device.0.volume_size": "8",
                            "root_block_device.0.volume_type": "gp2",
                            "security_groups.#": "0",
                            "source_dest_check": "true",
                            "subnet_id": "subnet-6be21e26",
                            "tags.%": "1",
                            "tags.Name": "ingress_node-1",
                            "tenancy": "default",
                            "user_data": "2e60255b84a0f10fc4392d49584764c67f604806",
                            "volume_tags.%": "0",
                            "vpc_security_group_ids.#": "1",
                            "vpc_security_group_ids.3490858324": "sg-7c041715"
                        },
                        "meta": {
                            "e2bfb730-ecaa-11e6-8f88-34363bc7c4c0": {
                                "create": 600000000000,
                                "delete": 600000000000,
                                "update": 600000000000
                            },
                            "schema_version": "1"
                        },
                        "tainted": false
                    },
                    "deposed": [],
                    "provider": ""
                },
                "aws_instance.master_node": {
                    "type": "aws_instance",
                    "depends_on": [
                        "aws_security_group.master-dmz"
                    ],
                    "primary": {
                        "id": "i-0ec44a959228f3a02",
                        "attributes": {
                            "ami": "ami-8b92b4ee",
                            "associate_public_ip_address": "true",
                            "availability_zone": "us-east-2a",
                            "disable_api_termination": "false",
                            "ebs_block_device.#": "0",
                            "ebs_optimized": "false",
                            "ephemeral_block_device.#": "0",
                            "iam_instance_profile": "",
                            "id": "i-0ec44a959228f3a02",
                            "instance_state": "running",
                            "instance_type": "t2.micro",
                            "ipv6_addresses.#": "0",
                            "key_name": "",
                            "monitoring": "false",
                            "network_interface.#": "0",
                            "network_interface_id": "eni-5cd02637",
                            "primary_network_interface_id": "eni-5cd02637",
                            "private_dns": "ip-172-31-12-204.us-east-2.compute.internal",
                            "private_ip": "172.31.12.204",
                            "public_dns": "ec2-52-15-166-64.us-east-2.compute.amazonaws.com",
                            "public_ip": "52.15.166.64",
                            "root_block_device.#": "1",
                            "root_block_device.0.delete_on_termination": "true",
                            "root_block_device.0.iops": "100",
                            "root_block_device.0.volume_size": "8",
                            "root_block_device.0.volume_type": "gp2",
                            "security_groups.#": "0",
                            "source_dest_check": "true",
                            "subnet_id": "subnet-5e23ba37",
                            "tags.%": "1",
                            "tags.Name": "master_node-1",
                            "tenancy": "default",
                            "user_data": "2e60255b84a0f10fc4392d49584764c67f604806",
                            "volume_tags.%": "0",
                            "vpc_security_group_ids.#": "1",
                            "vpc_security_group_ids.2634113741": "sg-0400136d"
                        },
                        "meta": {
                            "e2bfb730-ecaa-11e6-8f88-34363bc7c4c0": {
                                "create": 600000000000,
                                "delete": 600000000000,
                                "update": 600000000000
                            },
                            "schema_version": "1"
                        },
                        "tainted": false
                    },
                    "deposed": [],
                    "provider": ""
                },
                "aws_instance.worker_node": {
                    "type": "aws_instance",
                    "depends_on": [
                        "aws_security_group.worker-dmz"
                    ],
                    "primary": {
                        "id": "i-01640e57dac60c4d8",
                        "attributes": {
                            "ami": "ami-8b92b4ee",
                            "associate_public_ip_address": "true",
                            "availability_zone": "us-east-2c",
                            "disable_api_termination": "false",
                            "ebs_block_device.#": "0",
                            "ebs_optimized": "false",
                            "ephemeral_block_device.#": "0",
                            "iam_instance_profile": "",
                            "id": "i-01640e57dac60c4d8",
                            "instance_state": "running",
                            "instance_type": "t2.micro",
                            "ipv6_addresses.#": "0",
                            "key_name": "",
                            "monitoring": "false",
                            "network_interface.#": "0",
                            "network_interface_id": "eni-7a812b36",
                            "primary_network_interface_id": "eni-7a812b36",
                            "private_dns": "ip-172-31-43-208.us-east-2.compute.internal",
                            "private_ip": "172.31.43.208",
                            "public_dns": "ec2-13-59-155-210.us-east-2.compute.amazonaws.com",
                            "public_ip": "13.59.155.210",
                            "root_block_device.#": "1",
                            "root_block_device.0.delete_on_termination": "true",
                            "root_block_device.0.iops": "100",
                            "root_block_device.0.volume_size": "8",
                            "root_block_device.0.volume_type": "gp2",
                            "security_groups.#": "0",
                            "source_dest_check": "true",
                            "subnet_id": "subnet-6be21e26",
                            "tags.%": "1",
                            "tags.Name": "worker_node-1",
                            "tenancy": "default",
                            "user_data": "2e60255b84a0f10fc4392d49584764c67f604806",
                            "volume_tags.%": "0",
                            "vpc_security_group_ids.#": "1",
                            "vpc_security_group_ids.1475979665": "sg-7507141c"
                        },
                        "meta": {
                            "e2bfb730-ecaa-11e6-8f88-34363bc7c4c0": {
                                "create": 600000000000,
                                "delete": 600000000000,
                                "update": 600000000000
                            },
                            "schema_version": "1"
                        },
                        "tainted": false
                    },
                    "deposed": [],
                    "provider": ""
                },
                "aws_security_group.bastion-dmz": {
                    "type": "aws_security_group",
                    "depends_on": [],
                    "primary": {
                        "id": "sg-7207141b",
                        "attributes": {
                            "description": "Test security group3.",
                            "egress.#": "1",
                            "egress.3295201349.cidr_blocks.#": "1",
                            "egress.3295201349.cidr_blocks.0": "0.0.0.0/0",
                            "egress.3295201349.from_port": "0",
                            "egress.3295201349.ipv6_cidr_blocks.#": "0",
                            "egress.3295201349.prefix_list_ids.#": "0",
                            "egress.3295201349.protocol": "0",
                            "egress.3295201349.security_groups.#": "0",
                            "egress.3295201349.self": "false",
                            "egress.3295201349.to_port": "0",
                            "id": "sg-7207141b",
                            "ingress.#": "1",
                            "ingress.2541437006.cidr_blocks.#": "1",
                            "ingress.2541437006.cidr_blocks.0": "0.0.0.0/0",
                            "ingress.2541437006.from_port": "22",
                            "ingress.2541437006.ipv6_cidr_blocks.#": "0",
                            "ingress.2541437006.protocol": "tcp",
                            "ingress.2541437006.security_groups.#": "0",
                            "ingress.2541437006.self": "false",
                            "ingress.2541437006.to_port": "22",
                            "name": "bastion-dmz",
                            "owner_id": "639705996995",
                            "tags.%": "0",
                            "vpc_id": "vpc-eb870d82"
                        },
                        "meta": {},
                        "tainted": false
                    },
                    "deposed": [],
                    "provider": ""
                },
                "aws_security_group.etcd-dmz": {
                    "type": "aws_security_group",
                    "depends_on": [],
                    "primary": {
                        "id": "sg-0700136e",
                        "attributes": {
                            "description": "etcd security group.",
                            "egress.#": "1",
                            "egress.3295201349.cidr_blocks.#": "1",
                            "egress.3295201349.cidr_blocks.0": "0.0.0.0/0",
                            "egress.3295201349.from_port": "0",
                            "egress.3295201349.ipv6_cidr_blocks.#": "0",
                            "egress.3295201349.prefix_list_ids.#": "0",
                            "egress.3295201349.protocol": "0",
                            "egress.3295201349.security_groups.#": "0",
                            "egress.3295201349.self": "false",
                            "egress.3295201349.to_port": "0",
                            "id": "sg-0700136e",
                            "ingress.#": "1",
                            "ingress.971773006.cidr_blocks.#": "1",
                            "ingress.971773006.cidr_blocks.0": "0.0.0.0/0",
                            "ingress.971773006.from_port": "0",
                            "ingress.971773006.ipv6_cidr_blocks.#": "0",
                            "ingress.971773006.protocol": "tcp",
                            "ingress.971773006.security_groups.#": "0",
                            "ingress.971773006.self": "false",
                            "ingress.971773006.to_port": "2380",
                            "name": "etcd-dmz",
                            "owner_id": "639705996995",
                            "tags.%": "0",
                            "vpc_id": "vpc-eb870d82"
                        },
                        "meta": {},
                        "tainted": false
                    },
                    "deposed": [],
                    "provider": ""
                },
                "aws_security_group.ingress-dmz": {
                    "type": "aws_security_group",
                    "depends_on": [],
                    "primary": {
                        "id": "sg-7c041715",
                        "attributes": {
                            "description": "Ingress security group.",
                            "egress.#": "1",
                            "egress.3295201349.cidr_blocks.#": "1",
                            "egress.3295201349.cidr_blocks.0": "0.0.0.0/0",
                            "egress.3295201349.from_port": "0",
                            "egress.3295201349.ipv6_cidr_blocks.#": "0",
                            "egress.3295201349.prefix_list_ids.#": "0",
                            "egress.3295201349.protocol": "0",
                            "egress.3295201349.security_groups.#": "0",
                            "egress.3295201349.self": "false",
                            "egress.3295201349.to_port": "0",
                            "id": "sg-7c041715",
                            "ingress.#": "1",
                            "ingress.3052457489.cidr_blocks.#": "1",
                            "ingress.3052457489.cidr_blocks.0": "0.0.0.0/0",
                            "ingress.3052457489.from_port": "0",
                            "ingress.3052457489.ipv6_cidr_blocks.#": "0",
                            "ingress.3052457489.protocol": "tcp",
                            "ingress.3052457489.security_groups.#": "0",
                            "ingress.3052457489.self": "false",
                            "ingress.3052457489.to_port": "6666",
                            "name": "ingress-dmz",
                            "owner_id": "639705996995",
                            "tags.%": "0",
                            "vpc_id": "vpc-eb870d82"
                        },
                        "meta": {},
                        "tainted": false
                    },
                    "deposed": [],
                    "provider": ""
                },
                "aws_security_group.master-dmz": {
                    "type": "aws_security_group",
                    "depends_on": [],
                    "primary": {
                        "id": "sg-0400136d",
                        "attributes": {
                            "description": "Test security group2.",
                            "egress.#": "1",
                            "egress.3295201349.cidr_blocks.#": "1",
                            "egress.3295201349.cidr_blocks.0": "0.0.0.0/0",
                            "egress.3295201349.from_port": "0",
                            "egress.3295201349.ipv6_cidr_blocks.#": "0",
                            "egress.3295201349.prefix_list_ids.#": "0",
                            "egress.3295201349.protocol": "0",
                            "egress.3295201349.security_groups.#": "0",
                            "egress.3295201349.self": "false",
                            "egress.3295201349.to_port": "0",
                            "id": "sg-0400136d",
                            "ingress.#": "1",
                            "ingress.3783757062.cidr_blocks.#": "1",
                            "ingress.3783757062.cidr_blocks.0": "0.0.0.0/0",
                            "ingress.3783757062.from_port": "0",
                            "ingress.3783757062.ipv6_cidr_blocks.#": "0",
                            "ingress.3783757062.protocol": "tcp",
                            "ingress.3783757062.security_groups.#": "0",
                            "ingress.3783757062.self": "false",
                            "ingress.3783757062.to_port": "2379",
                            "name": "master-dmz",
                            "owner_id": "639705996995",
                            "tags.%": "0",
                            "vpc_id": "vpc-eb870d82"
                        },
                        "meta": {},
                        "tainted": false
                    },
                    "deposed": [],
                    "provider": ""
                },
                "aws_security_group.worker-dmz": {
                    "type": "aws_security_group",
                    "depends_on": [],
                    "primary": {
                        "id": "sg-7507141c",
                        "attributes": {
                            "description": "Worker security group.",
                            "egress.#": "1",
                            "egress.3295201349.cidr_blocks.#": "1",
                            "egress.3295201349.cidr_blocks.0": "0.0.0.0/0",
                            "egress.3295201349.from_port": "0",
                            "egress.3295201349.ipv6_cidr_blocks.#": "0",
                            "egress.3295201349.prefix_list_ids.#": "0",
                            "egress.3295201349.protocol": "0",
                            "egress.3295201349.security_groups.#": "0",
                            "egress.3295201349.self": "false",
                            "egress.3295201349.to_port": "0",
                            "id": "sg-7507141c",
                            "ingress.#": "1",
                            "ingress.3052457489.cidr_blocks.#": "1",
                            "ingress.3052457489.cidr_blocks.0": "0.0.0.0/0",
                            "ingress.3052457489.from_port": "0",
                            "ingress.3052457489.ipv6_cidr_blocks.#": "0",
                            "ingress.3052457489.protocol": "tcp",
                            "ingress.3052457489.security_groups.#": "0",
                            "ingress.3052457489.self": "false",
                            "ingress.3052457489.to_port": "6666",
                            "name": "worker-dmz",
                            "owner_id": "639705996995",
                            "tags.%": "0",
                            "vpc_id": "vpc-eb870d82"
                        },
                        "meta": {},
                        "tainted": false
                    },
                    "deposed": [],
                    "provider": ""
                }
            },
            "depends_on": []
        }
    ]
}
